
Microsoft Visual Studio Solution File, Format Version 12.00
# Visual Studio 15
VisualStudioVersion = 15.0.28307.329
MinimumVisualStudioVersion = 10.0.40219.1
Project("{9A19103F-16F7-4668-BE54-9A1E7A4F7556}") = "LulasPrisonStatus.Domain", "LulasPrisonStatus.Domain\LulasPrisonStatus.Domain.csproj", "{C48AC7E4-AF37-4D63-92C4-3BD96D4860D2}"
EndProject
Project("{FAE04EC0-301F-11D3-BF4B-00C04F79EFBC}") = "LulasPrisonStatus.ConsoleApp", "LulasPrisonStatus.Console\LulasPrisonStatus.ConsoleApp.csproj", "{D9139266-3EB8-4749-A368-23C8F1D1C2B5}"
EndProject
Project("{FAE04EC0-301F-11D3-BF4B-00C04F79EFBC}") = "xApp.Android", "xApp\xApp.Android\xApp.Android.csproj", "{D5A9BD99-286D-4E86-8D17-63E4B14C4715}"
EndProject
Project("{FAE04EC0-301F-11D3-BF4B-00C04F79EFBC}") = "xApp.iOS", "xApp\xApp.iOS\xApp.iOS.csproj", "{EB6CFF61-3763-4649-B794-FB8656AA4236}"
EndProject
Project("{FAE04EC0-301F-11D3-BF4B-00C04F79EFBC}") = "xApp.UWP", "xApp\xApp.UWP\xApp.UWP.csproj", "{393B2123-0437-458A-A12F-815A0EA9FE77}"
EndProject
Project("{FAE04EC0-301F-11D3-BF4B-00C04F79EFBC}") = "xApp", "xApp\xApp\xApp.csproj", "{D0860CAF-CE1C-4CB6-A1C4-2D8210839579}"
EndProject
Global
	GlobalSection(SolutionConfigurationPlatforms) = preSolution
		Ad-Hoc|Any CPU = Ad-Hoc|Any CPU
		Ad-Hoc|ARM = Ad-Hoc|ARM
		Ad-Hoc|iPhone = Ad-Hoc|iPhone
		Ad-Hoc|iPhoneSimulator = Ad-Hoc|iPhoneSimulator
		Ad-Hoc|x64 = Ad-Hoc|x64
		Ad-Hoc|x86 = Ad-Hoc|x86
		AppStore|Any CPU = AppStore|Any CPU
		AppStore|ARM = AppStore|ARM
		AppStore|iPhone = AppStore|iPhone
		AppStore|iPhoneSimulator = AppStore|iPhoneSimulator
		AppStore|x64 = AppStore|x64
		AppStore|x86 = AppStore|x86
		Debug|Any CPU = Debug|Any CPU
		Debug|ARM = Debug|ARM
		Debug|iPhone = Debug|iPhone
		Debug|iPhoneSimulator = Debug|iPhoneSimulator
		Debug|x64 = Debug|x64
		Debug|x86 = Debug|x86
		Release|Any CPU = Release|Any CPU
		Release|ARM = Release|ARM
		Release|iPhone = Release|iPhone
		Release|iPhoneSimulator = Release|iPhoneSimulator
		Release|x64 = Release|x64
		Release|x86 = Release|x86
	EndGlobalSection
	GlobalSection(ProjectConfigurationPlatforms) = postSolution
		{C48AC7E4-AF37-4D63-92C4-3BD96D4860D2}.Ad-Hoc|Any CPU.ActiveCfg = Release|Any CPU
		{C48AC7E4-AF37-4D63-92C4-3BD96D4860D2}.Ad-Hoc|Any CPU.Build.0 = Release|Any CPU
		{C48AC7E4-AF37-4D63-92C4-3BD96D4860D2}.Ad-Hoc|ARM.ActiveCfg = Release|Any CPU
		{C48AC7E4-AF37-4D63-92C4-3BD96D4860D2}.Ad-Hoc|ARM.Build.0 = Release|Any CPU
		{C48AC7E4-AF37-4D63-92C4-3BD96D4860D2}.Ad-Hoc|iPhone.ActiveCfg = Release|Any CPU
		{C48AC7E4-AF37-4D63-92C4-3BD96D4860D2}.Ad-Hoc|iPhone.Build.0 = Release|Any CPU
		{C48AC7E4-AF37-4D63-92C4-3BD96D4860D2}.Ad-Hoc|iPhoneSimulator.ActiveCfg = Release|Any CPU
		{C48AC7E4-AF37-4D63-92C4-3BD96D4860D2}.Ad-Hoc|iPhoneSimulator.Build.0 = Release|Any CPU
		{C48AC7E4-AF37-4D63-92C4-3BD96D4860D2}.Ad-Hoc|x64.ActiveCfg = Release|Any CPU
		{C48AC7E4-AF37-4D63-92C4-3BD96D4860D2}.Ad-Hoc|x64.Build.0 = Release|Any CPU
		{C48AC7E4-AF37-4D63-92C4-3BD96D4860D2}.Ad-Hoc|x86.ActiveCfg = Release|Any CPU
		{C48AC7E4-AF37-4D63-92C4-3BD96D4860D2}.Ad-Hoc|x86.Build.0 = Release|Any CPU
		{C48AC7E4-AF37-4D63-92C4-3BD96D4860D2}.AppStore|Any CPU.ActiveCfg = Release|Any CPU
		{C48AC7E4-AF37-4D63-92C4-3BD96D4860D2}.AppStore|Any CPU.Build.0 = Release|Any CPU
		{C48AC7E4-AF37-4D63-92C4-3BD96D4860D2}.AppStore|ARM.ActiveCfg = Release|Any CPU
		{C48AC7E4-AF37-4D63-92C4-3BD96D4860D2}.AppStore|ARM.Build.0 = Release|Any CPU
		{C48AC7E4-AF37-4D63-92C4-3BD96D4860D2}.AppStore|iPhone.ActiveCfg = Release|Any CPU
		{C48AC7E4-AF37-4D63-92C4-3BD96D4860D2}.AppStore|iPhone.Build.0 = Release|Any CPU
		{C48AC7E4-AF37-4D63-92C4-3BD96D4860D2}.AppStore|iPhoneSimulator.ActiveCfg = Release|Any CPU
		{C48AC7E4-AF37-4D63-92C4-3BD96D4860D2}.AppStore|iPhoneSimulator.Build.0 = Release|Any CPU
		{C48AC7E4-AF37-4D63-92C4-3BD96D4860D2}.AppStore|x64.ActiveCfg = Release|Any CPU
		{C48AC7E4-AF37-4D63-92C4-3BD96D4860D2}.AppStore|x64.Build.0 = Release|Any CPU
		{C48AC7E4-AF37-4D63-92C4-3BD96D4860D2}.AppStore|x86.ActiveCfg = Release|Any CPU
		{C48AC7E4-AF37-4D63-92C4-3BD96D4860D2}.AppStore|x86.Build.0 = Release|Any CPU
		{C48AC7E4-AF37-4D63-92C4-3BD96D4860D2}.Debug|Any CPU.ActiveCfg = Debug|Any CPU
		{C48AC7E4-AF37-4D63-92C4-3BD96D4860D2}.Debug|Any CPU.Build.0 = Debug|Any CPU
		{C48AC7E4-AF37-4D63-92C4-3BD96D4860D2}.Debug|ARM.ActiveCfg = Debug|Any CPU
		{C48AC7E4-AF37-4D63-92C4-3BD96D4860D2}.Debug|ARM.Build.0 = Debug|Any CPU
		{C48AC7E4-AF37-4D63-92C4-3BD96D4860D2}.Debug|iPhone.ActiveCfg = Debug|Any CPU
		{C48AC7E4-AF37-4D63-92C4-3BD96D4860D2}.Debug|iPhone.Build.0 = Debug|Any CPU
		{C48AC7E4-AF37-4D63-92C4-3BD96D4860D2}.Debug|iPhoneSimulator.ActiveCfg = Debug|Any CPU
		{C48AC7E4-AF37-4D63-92C4-3BD96D4860D2}.Debug|iPhoneSimulator.Build.0 = Debug|Any CPU
		{C48AC7E4-AF37-4D63-92C4-3BD96D4860D2}.Debug|x64.ActiveCfg = Debug|Any CPU
		{C48AC7E4-AF37-4D63-92C4-3BD96D4860D2}.Debug|x64.Build.0 = Debug|Any CPU
		{C48AC7E4-AF37-4D63-92C4-3BD96D4860D2}.Debug|x86.ActiveCfg = Debug|Any CPU
		{C48AC7E4-AF37-4D63-92C4-3BD96D4860D2}.Debug|x86.Build.0 = Debug|Any CPU
		{C48AC7E4-AF37-4D63-92C4-3BD96D4860D2}.Release|Any CPU.ActiveCfg = Release|Any CPU
		{C48AC7E4-AF37-4D63-92C4-3BD96D4860D2}.Release|Any CPU.Build.0 = Release|Any CPU
		{C48AC7E4-AF37-4D63-92C4-3BD96D4860D2}.Release|ARM.ActiveCfg = Release|Any CPU
		{C48AC7E4-AF37-4D63-92C4-3BD96D4860D2}.Release|ARM.Build.0 = Release|Any CPU
		{C48AC7E4-AF37-4D63-92C4-3BD96D4860D2}.Release|iPhone.ActiveCfg = Release|Any CPU
		{C48AC7E4-AF37-4D63-92C4-3BD96D4860D2}.Release|iPhone.Build.0 = Release|Any CPU
		{C48AC7E4-AF37-4D63-92C4-3BD96D4860D2}.Release|iPhoneSimulator.ActiveCfg = Release|Any CPU
		{C48AC7E4-AF37-4D63-92C4-3BD96D4860D2}.Release|iPhoneSimulator.Build.0 = Release|Any CPU
		{C48AC7E4-AF37-4D63-92C4-3BD96D4860D2}.Release|x64.ActiveCfg = Release|Any CPU
		{C48AC7E4-AF37-4D63-92C4-3BD96D4860D2}.Release|x64.Build.0 = Release|Any CPU
		{C48AC7E4-AF37-4D63-92C4-3BD96D4860D2}.Release|x86.ActiveCfg = Release|Any CPU
		{C48AC7E4-AF37-4D63-92C4-3BD96D4860D2}.Release|x86.Build.0 = Release|Any CPU
		{D9139266-3EB8-4749-A368-23C8F1D1C2B5}.Ad-Hoc|Any CPU.ActiveCfg = Release|Any CPU
		{D9139266-3EB8-4749-A368-23C8F1D1C2B5}.Ad-Hoc|Any CPU.Build.0 = Release|Any CPU
		{D9139266-3EB8-4749-A368-23C8F1D1C2B5}.Ad-Hoc|ARM.ActiveCfg = Release|Any CPU
		{D9139266-3EB8-4749-A368-23C8F1D1C2B5}.Ad-Hoc|ARM.Build.0 = Release|Any CPU
		{D9139266-3EB8-4749-A368-23C8F1D1C2B5}.Ad-Hoc|iPhone.ActiveCfg = Release|Any CPU
		{D9139266-3EB8-4749-A368-23C8F1D1C2B5}.Ad-Hoc|iPhone.Build.0 = Release|Any CPU
		{D9139266-3EB8-4749-A368-23C8F1D1C2B5}.Ad-Hoc|iPhoneSimulator.ActiveCfg = Release|Any CPU
		{D9139266-3EB8-4749-A368-23C8F1D1C2B5}.Ad-Hoc|iPhoneSimulator.Build.0 = Release|Any CPU
		{D9139266-3EB8-4749-A368-23C8F1D1C2B5}.Ad-Hoc|x64.ActiveCfg = Release|Any CPU
		{D9139266-3EB8-4749-A368-23C8F1D1C2B5}.Ad-Hoc|x64.Build.0 = Release|Any CPU
		{D9139266-3EB8-4749-A368-23C8F1D1C2B5}.Ad-Hoc|x86.ActiveCfg = Release|Any CPU
		{D9139266-3EB8-4749-A368-23C8F1D1C2B5}.Ad-Hoc|x86.Build.0 = Release|Any CPU
		{D9139266-3EB8-4749-A368-23C8F1D1C2B5}.AppStore|Any CPU.ActiveCfg = Release|Any CPU
		{D9139266-3EB8-4749-A368-23C8F1D1C2B5}.AppStore|Any CPU.Build.0 = Release|Any CPU
		{D9139266-3EB8-4749-A368-23C8F1D1C2B5}.AppStore|ARM.ActiveCfg = Release|Any CPU
		{D9139266-3EB8-4749-A368-23C8F1D1C2B5}.AppStore|ARM.Build.0 = Release|Any CPU
		{D9139266-3EB8-4749-A368-23C8F1D1C2B5}.AppStore|iPhone.ActiveCfg = Release|Any CPU
		{D9139266-3EB8-4749-A368-23C8F1D1C2B5}.AppStore|iPhone.Build.0 = Release|Any CPU
		{D9139266-3EB8-4749-A368-23C8F1D1C2B5}.AppStore|iPhoneSimulator.ActiveCfg = Release|Any CPU
		{D9139266-3EB8-4749-A368-23C8F1D1C2B5}.AppStore|iPhoneSimulator.Build.0 = Release|Any CPU
		{D9139266-3EB8-4749-A368-23C8F1D1C2B5}.AppStore|x64.ActiveCfg = Release|Any CPU
		{D9139266-3EB8-4749-A368-23C8F1D1C2B5}.AppStore|x64.Build.0 = Release|Any CPU
		{D9139266-3EB8-4749-A368-23C8F1D1C2B5}.AppStore|x86.ActiveCfg = Release|Any CPU
		{D9139266-3EB8-4749-A368-23C8F1D1C2B5}.AppStore|x86.Build.0 = Release|Any CPU
		{D9139266-3EB8-4749-A368-23C8F1D1C2B5}.Debug|Any CPU.ActiveCfg = Debug|Any CPU
		{D9139266-3EB8-4749-A368-23C8F1D1C2B5}.Debug|Any CPU.Build.0 = Debug|Any CPU
		{D9139266-3EB8-4749-A368-23C8F1D1C2B5}.Debug|ARM.ActiveCfg = Debug|Any CPU
		{D9139266-3EB8-4749-A368-23C8F1D1C2B5}.Debug|ARM.Build.0 = Debug|Any CPU
		{D9139266-3EB8-4749-A368-23C8F1D1C2B5}.Debug|iPhone.ActiveCfg = Debug|Any CPU
		{D9139266-3EB8-4749-A368-23C8F1D1C2B5}.Debug|iPhone.Build.0 = Debug|Any CPU
		{D9139266-3EB8-4749-A368-23C8F1D1C2B5}.Debug|iPhoneSimulator.ActiveCfg = Debug|Any CPU
		{D9139266-3EB8-4749-A368-23C8F1D1C2B5}.Debug|iPhoneSimulator.Build.0 = Debug|Any CPU
		{D9139266-3EB8-4749-A368-23C8F1D1C2B5}.Debug|x64.ActiveCfg = Debug|Any CPU
		{D9139266-3EB8-4749-A368-23C8F1D1C2B5}.Debug|x64.Build.0 = Debug|Any CPU
		{D9139266-3EB8-4749-A368-23C8F1D1C2B5}.Debug|x86.ActiveCfg = Debug|Any CPU
		{D9139266-3EB8-4749-A368-23C8F1D1C2B5}.Debug|x86.Build.0 = Debug|Any CPU
		{D9139266-3EB8-4749-A368-23C8F1D1C2B5}.Release|Any CPU.ActiveCfg = Release|Any CPU
		{D9139266-3EB8-4749-A368-23C8F1D1C2B5}.Release|Any CPU.Build.0 = Release|Any CPU
		{D9139266-3EB8-4749-A368-23C8F1D1C2B5}.Release|ARM.ActiveCfg = Release|Any CPU
		{D9139266-3EB8-4749-A368-23C8F1D1C2B5}.Release|ARM.Build.0 = Release|Any CPU
		{D9139266-3EB8-4749-A368-23C8F1D1C2B5}.Release|iPhone.ActiveCfg = Release|Any CPU
		{D9139266-3EB8-4749-A368-23C8F1D1C2B5}.Release|iPhone.Build.0 = Release|Any CPU
		{D9139266-3EB8-4749-A368-23C8F1D1C2B5}.Release|iPhoneSimulator.ActiveCfg = Release|Any CPU
		{D9139266-3EB8-4749-A368-23C8F1D1C2B5}.Release|iPhoneSimulator.Build.0 = Release|Any CPU
		{D9139266-3EB8-4749-A368-23C8F1D1C2B5}.Release|x64.ActiveCfg = Release|Any CPU
		{D9139266-3EB8-4749-A368-23C8F1D1C2B5}.Release|x64.Build.0 = Release|Any CPU
		{D9139266-3EB8-4749-A368-23C8F1D1C2B5}.Release|x86.ActiveCfg = Release|Any CPU
		{D9139266-3EB8-4749-A368-23C8F1D1C2B5}.Release|x86.Build.0 = Release|Any CPU
		{D5A9BD99-286D-4E86-8D17-63E4B14C4715}.Ad-Hoc|Any CPU.ActiveCfg = Release|Any CPU
		{D5A9BD99-286D-4E86-8D17-63E4B14C4715}.Ad-Hoc|Any CPU.Build.0 = Release|Any CPU
		{D5A9BD99-286D-4E86-8D17-63E4B14C4715}.Ad-Hoc|Any CPU.Deploy.0 = Release|Any CPU
		{D5A9BD99-286D-4E86-8D17-63E4B14C4715}.Ad-Hoc|ARM.ActiveCfg = Release|Any CPU
		{D5A9BD99-286D-4E86-8D17-63E4B14C4715}.Ad-Hoc|ARM.Build.0 = Release|Any CPU
		{D5A9BD99-286D-4E86-8D17-63E4B14C4715}.Ad-Hoc|ARM.Deploy.0 = Release|Any CPU
		{D5A9BD99-286D-4E86-8D17-63E4B14C4715}.Ad-Hoc|iPhone.ActiveCfg = Release|Any CPU
		{D5A9BD99-286D-4E86-8D17-63E4B14C4715}.Ad-Hoc|iPhone.Build.0 = Release|Any CPU
		{D5A9BD99-286D-4E86-8D17-63E4B14C4715}.Ad-Hoc|iPhone.Deploy.0 = Release|Any CPU
		{D5A9BD99-286D-4E86-8D17-63E4B14C4715}.Ad-Hoc|iPhoneSimulator.ActiveCfg = Release|Any CPU
		{D5A9BD99-286D-4E86-8D17-63E4B14C4715}.Ad-Hoc|iPhoneSimulator.Build.0 = Release|Any CPU
		{D5A9BD99-286D-4E86-8D17-63E4B14C4715}.Ad-Hoc|iPhoneSimulator.Deploy.0 = Release|Any CPU
		{D5A9BD99-286D-4E86-8D17-63E4B14C4715}.Ad-Hoc|x64.ActiveCfg = Release|Any CPU
		{D5A9BD99-286D-4E86-8D17-63E4B14C4715}.Ad-Hoc|x64.Build.0 = Release|Any CPU
		{D5A9BD99-286D-4E86-8D17-63E4B14C4715}.Ad-Hoc|x64.Deploy.0 = Release|Any CPU
		{D5A9BD99-286D-4E86-8D17-63E4B14C4715}.Ad-Hoc|x86.ActiveCfg = Release|Any CPU
		{D5A9BD99-286D-4E86-8D17-63E4B14C4715}.Ad-Hoc|x86.Build.0 = Release|Any CPU
		{D5A9BD99-286D-4E86-8D17-63E4B14C4715}.Ad-Hoc|x86.Deploy.0 = Release|Any CPU
		{D5A9BD99-286D-4E86-8D17-63E4B14C4715}.AppStore|Any CPU.ActiveCfg = Release|Any CPU
		{D5A9BD99-286D-4E86-8D17-63E4B14C4715}.AppStore|Any CPU.Build.0 = Release|Any CPU
		{D5A9BD99-286D-4E86-8D17-63E4B14C4715}.AppStore|Any CPU.Deploy.0 = Release|Any CPU
		{D5A9BD99-286D-4E86-8D17-63E4B14C4715}.AppStore|ARM.ActiveCfg = Release|Any CPU
		{D5A9BD99-286D-4E86-8D17-63E4B14C4715}.AppStore|ARM.Build.0 = Release|Any CPU
		{D5A9BD99-286D-4E86-8D17-63E4B14C4715}.AppStore|ARM.Deploy.0 = Release|Any CPU
		{D5A9BD99-286D-4E86-8D17-63E4B14C4715}.AppStore|iPhone.ActiveCfg = Release|Any CPU
		{D5A9BD99-286D-4E86-8D17-63E4B14C4715}.AppStore|iPhone.Build.0 = Release|Any CPU
		{D5A9BD99-286D-4E86-8D17-63E4B14C4715}.AppStore|iPhone.Deploy.0 = Release|Any CPU
		{D5A9BD99-286D-4E86-8D17-63E4B14C4715}.AppStore|iPhoneSimulator.ActiveCfg = Release|Any CPU
		{D5A9BD99-286D-4E86-8D17-63E4B14C4715}.AppStore|iPhoneSimulator.Build.0 = Release|Any CPU
		{D5A9BD99-286D-4E86-8D17-63E4B14C4715}.AppStore|iPhoneSimulator.Deploy.0 = Release|Any CPU
		{D5A9BD99-286D-4E86-8D17-63E4B14C4715}.AppStore|x64.ActiveCfg = Release|Any CPU
		{D5A9BD99-286D-4E86-8D17-63E4B14C4715}.AppStore|x64.Build.0 = Release|Any CPU
		{D5A9BD99-286D-4E86-8D17-63E4B14C4715}.AppStore|x64.Deploy.0 = Release|Any CPU
		{D5A9BD99-286D-4E86-8D17-63E4B14C4715}.AppStore|x86.ActiveCfg = Release|Any CPU
		{D5A9BD99-286D-4E86-8D17-63E4B14C4715}.AppStore|x86.Build.0 = Release|Any CPU
		{D5A9BD99-286D-4E86-8D17-63E4B14C4715}.AppStore|x86.Deploy.0 = Release|Any CPU
		{D5A9BD99-286D-4E86-8D17-63E4B14C4715}.Debug|Any CPU.ActiveCfg = Debug|Any CPU
		{D5A9BD99-286D-4E86-8D17-63E4B14C4715}.Debug|Any CPU.Build.0 = Debug|Any CPU
		{D5A9BD99-286D-4E86-8D17-63E4B14C4715}.Debug|Any CPU.Deploy.0 = Debug|Any CPU
		{D5A9BD99-286D-4E86-8D17-63E4B14C4715}.Debug|ARM.ActiveCfg = Debug|Any CPU
		{D5A9BD99-286D-4E86-8D17-63E4B14C4715}.Debug|ARM.Build.0 = Debug|Any CPU
		{D5A9BD99-286D-4E86-8D17-63E4B14C4715}.Debug|ARM.Deploy.0 = Debug|Any CPU
		{D5A9BD99-286D-4E86-8D17-63E4B14C4715}.Debug|iPhone.ActiveCfg = Debug|Any CPU
		{D5A9BD99-286D-4E86-8D17-63E4B14C4715}.Debug|iPhone.Build.0 = Debug|Any CPU
		{D5A9BD99-286D-4E86-8D17-63E4B14C4715}.Debug|iPhone.Deploy.0 = Debug|Any CPU
		{D5A9BD99-286D-4E86-8D17-63E4B14C4715}.Debug|iPhoneSimulator.ActiveCfg = Debug|Any CPU
		{D5A9BD99-286D-4E86-8D17-63E4B14C4715}.Debug|iPhoneSimulator.Build.0 = Debug|Any CPU
		{D5A9BD99-286D-4E86-8D17-63E4B14C4715}.Debug|iPhoneSimulator.Deploy.0 = Debug|Any CPU
		{D5A9BD99-286D-4E86-8D17-63E4B14C4715}.Debug|x64.ActiveCfg = Debug|Any CPU
		{D5A9BD99-286D-4E86-8D17-63E4B14C4715}.Debug|x64.Build.0 = Debug|Any CPU
		{D5A9BD99-286D-4E86-8D17-63E4B14C4715}.Debug|x64.Deploy.0 = Debug|Any CPU
		{D5A9BD99-286D-4E86-8D17-63E4B14C4715}.Debug|x86.ActiveCfg = Debug|Any CPU
		{D5A9BD99-286D-4E86-8D17-63E4B14C4715}.Debug|x86.Build.0 = Debug|Any CPU
		{D5A9BD99-286D-4E86-8D17-63E4B14C4715}.Debug|x86.Deploy.0 = Debug|Any CPU
		{D5A9BD99-286D-4E86-8D17-63E4B14C4715}.Release|Any CPU.ActiveCfg = Release|Any CPU
		{D5A9BD99-286D-4E86-8D17-63E4B14C4715}.Release|Any CPU.Build.0 = Release|Any CPU
		{D5A9BD99-286D-4E86-8D17-63E4B14C4715}.Release|Any CPU.Deploy.0 = Release|Any CPU
		{D5A9BD99-286D-4E86-8D17-63E4B14C4715}.Release|ARM.ActiveCfg = Release|Any CPU
		{D5A9BD99-286D-4E86-8D17-63E4B14C4715}.Release|ARM.Build.0 = Release|Any CPU
		{D5A9BD99-286D-4E86-8D17-63E4B14C4715}.Release|ARM.Deploy.0 = Release|Any CPU
		{D5A9BD99-286D-4E86-8D17-63E4B14C4715}.Release|iPhone.ActiveCfg = Release|Any CPU
		{D5A9BD99-286D-4E86-8D17-63E4B14C4715}.Release|iPhone.Build.0 = Release|Any CPU
		{D5A9BD99-286D-4E86-8D17-63E4B14C4715}.Release|iPhone.Deploy.0 = Release|Any CPU
		{D5A9BD99-286D-4E86-8D17-63E4B14C4715}.Release|iPhoneSimulator.ActiveCfg = Release|Any CPU
		{D5A9BD99-286D-4E86-8D17-63E4B14C4715}.Release|iPhoneSimulator.Build.0 = Release|Any CPU
		{D5A9BD99-286D-4E86-8D17-63E4B14C4715}.Release|iPhoneSimulator.Deploy.0 = Release|Any CPU
		{D5A9BD99-286D-4E86-8D17-63E4B14C4715}.Release|x64.ActiveCfg = Release|Any CPU
		{D5A9BD99-286D-4E86-8D17-63E4B14C4715}.Release|x64.Build.0 = Release|Any CPU
		{D5A9BD99-286D-4E86-8D17-63E4B14C4715}.Release|x64.Deploy.0 = Release|Any CPU
		{D5A9BD99-286D-4E86-8D17-63E4B14C4715}.Release|x86.ActiveCfg = Release|Any CPU
		{D5A9BD99-286D-4E86-8D17-63E4B14C4715}.Release|x86.Build.0 = Release|Any CPU
		{D5A9BD99-286D-4E86-8D17-63E4B14C4715}.Release|x86.Deploy.0 = Release|Any CPU
		{EB6CFF61-3763-4649-B794-FB8656AA4236}.Ad-Hoc|Any CPU.ActiveCfg = Ad-Hoc|iPhone
		{EB6CFF61-3763-4649-B794-FB8656AA4236}.Ad-Hoc|ARM.ActiveCfg = Ad-Hoc|iPhone
		{EB6CFF61-3763-4649-B794-FB8656AA4236}.Ad-Hoc|iPhone.ActiveCfg = Ad-Hoc|iPhone
		{EB6CFF61-3763-4649-B794-FB8656AA4236}.Ad-Hoc|iPhone.Build.0 = Ad-Hoc|iPhone
		{EB6CFF61-3763-4649-B794-FB8656AA4236}.Ad-Hoc|iPhoneSimulator.ActiveCfg = Ad-Hoc|iPhoneSimulator
		{EB6CFF61-3763-4649-B794-FB8656AA4236}.Ad-Hoc|iPhoneSimulator.Build.0 = Ad-Hoc|iPhoneSimulator
		{EB6CFF61-3763-4649-B794-FB8656AA4236}.Ad-Hoc|x64.ActiveCfg = Ad-Hoc|iPhone
		{EB6CFF61-3763-4649-B794-FB8656AA4236}.Ad-Hoc|x86.ActiveCfg = Ad-Hoc|iPhone
		{EB6CFF61-3763-4649-B794-FB8656AA4236}.AppStore|Any CPU.ActiveCfg = AppStore|iPhone
		{EB6CFF61-3763-4649-B794-FB8656AA4236}.AppStore|ARM.ActiveCfg = AppStore|iPhone
		{EB6CFF61-3763-4649-B794-FB8656AA4236}.AppStore|iPhone.ActiveCfg = AppStore|iPhone
		{EB6CFF61-3763-4649-B794-FB8656AA4236}.AppStore|iPhone.Build.0 = AppStore|iPhone
		{EB6CFF61-3763-4649-B794-FB8656AA4236}.AppStore|iPhoneSimulator.ActiveCfg = AppStore|iPhoneSimulator
		{EB6CFF61-3763-4649-B794-FB8656AA4236}.AppStore|iPhoneSimulator.Build.0 = AppStore|iPhoneSimulator
		{EB6CFF61-3763-4649-B794-FB8656AA4236}.AppStore|x64.ActiveCfg = AppStore|iPhone
		{EB6CFF61-3763-4649-B794-FB8656AA4236}.AppStore|x86.ActiveCfg = AppStore|iPhone
		{EB6CFF61-3763-4649-B794-FB8656AA4236}.Debug|Any CPU.ActiveCfg = Debug|iPhone
		{EB6CFF61-3763-4649-B794-FB8656AA4236}.Debug|ARM.ActiveCfg = Debug|iPhone
		{EB6CFF61-3763-4649-B794-FB8656AA4236}.Debug|iPhone.ActiveCfg = Debug|iPhone
		{EB6CFF61-3763-4649-B794-FB8656AA4236}.Debug|iPhone.Build.0 = Debug|iPhone
		{EB6CFF61-3763-4649-B794-FB8656AA4236}.Debug|iPhoneSimulator.ActiveCfg = Debug|iPhoneSimulator
		{EB6CFF61-3763-4649-B794-FB8656AA4236}.Debug|iPhoneSimulator.Build.0 = Debug|iPhoneSimulator
		{EB6CFF61-3763-4649-B794-FB8656AA4236}.Debug|x64.ActiveCfg = Debug|iPhone
		{EB6CFF61-3763-4649-B794-FB8656AA4236}.Debug|x86.ActiveCfg = Debug|iPhone
		{EB6CFF61-3763-4649-B794-FB8656AA4236}.Release|Any CPU.ActiveCfg = Release|iPhone
		{EB6CFF61-3763-4649-B794-FB8656AA4236}.Release|ARM.ActiveCfg = Release|iPhone
		{EB6CFF61-3763-4649-B794-FB8656AA4236}.Release|iPhone.ActiveCfg = Release|iPhone
		{EB6CFF61-3763-4649-B794-FB8656AA4236}.Release|iPhone.Build.0 = Release|iPhone
		{EB6CFF61-3763-4649-B794-FB8656AA4236}.Release|iPhoneSimulator.ActiveCfg = Release|iPhoneSimulator
		{EB6CFF61-3763-4649-B794-FB8656AA4236}.Release|iPhoneSimulator.Build.0 = Release|iPhoneSimulator
		{EB6CFF61-3763-4649-B794-FB8656AA4236}.Release|x64.ActiveCfg = Release|iPhone
		{EB6CFF61-3763-4649-B794-FB8656AA4236}.Release|x86.ActiveCfg = Release|iPhone
		{393B2123-0437-458A-A12F-815A0EA9FE77}.Ad-Hoc|Any CPU.ActiveCfg = Release|x86
		{393B2123-0437-458A-A12F-815A0EA9FE77}.Ad-Hoc|Any CPU.Build.0 = Release|x86
		{393B2123-0437-458A-A12F-815A0EA9FE77}.Ad-Hoc|Any CPU.Deploy.0 = Release|x86
		{393B2123-0437-458A-A12F-815A0EA9FE77}.Ad-Hoc|ARM.ActiveCfg = Release|ARM
		{393B2123-0437-458A-A12F-815A0EA9FE77}.Ad-Hoc|ARM.Build.0 = Release|ARM
		{393B2123-0437-458A-A12F-815A0EA9FE77}.Ad-Hoc|ARM.Deploy.0 = Release|ARM
		{393B2123-0437-458A-A12F-815A0EA9FE77}.Ad-Hoc|iPhone.ActiveCfg = Release|x86
		{393B2123-0437-458A-A12F-815A0EA9FE77}.Ad-Hoc|iPhone.Build.0 = Release|x86
		{393B2123-0437-458A-A12F-815A0EA9FE77}.Ad-Hoc|iPhone.Deploy.0 = Release|x86
		{393B2123-0437-458A-A12F-815A0EA9FE77}.Ad-Hoc|iPhoneSimulator.ActiveCfg = Release|x86
		{393B2123-0437-458A-A12F-815A0EA9FE77}.Ad-Hoc|iPhoneSimulator.Build.0 = Release|x86
		{393B2123-0437-458A-A12F-815A0EA9FE77}.Ad-Hoc|iPhoneSimulator.Deploy.0 = Release|x86
		{393B2123-0437-458A-A12F-815A0EA9FE77}.Ad-Hoc|x64.ActiveCfg = Release|x64
		{393B2123-0437-458A-A12F-815A0EA9FE77}.Ad-Hoc|x64.Build.0 = Release|x64
		{393B2123-0437-458A-A12F-815A0EA9FE77}.Ad-Hoc|x64.Deploy.0 = Release|x64
		{393B2123-0437-458A-A12F-815A0EA9FE77}.Ad-Hoc|x86.ActiveCfg = Release|x86
		{393B2123-0437-458A-A12F-815A0EA9FE77}.Ad-Hoc|x86.Build.0 = Release|x86
		{393B2123-0437-458A-A12F-815A0EA9FE77}.Ad-Hoc|x86.Deploy.0 = Release|x86
		{393B2123-0437-458A-A12F-815A0EA9FE77}.AppStore|Any CPU.ActiveCfg = Release|x86
		{393B2123-0437-458A-A12F-815A0EA9FE77}.AppStore|Any CPU.Build.0 = Release|x86
		{393B2123-0437-458A-A12F-815A0EA9FE77}.AppStore|Any CPU.Deploy.0 = Release|x86
		{393B2123-0437-458A-A12F-815A0EA9FE77}.AppStore|ARM.ActiveCfg = Release|ARM
		{393B2123-0437-458A-A12F-815A0EA9FE77}.AppStore|ARM.Build.0 = Release|ARM
		{393B2123-0437-458A-A12F-815A0EA9FE77}.AppStore|ARM.Deploy.0 = Release|ARM
		{393B2123-0437-458A-A12F-815A0EA9FE77}.AppStore|iPhone.ActiveCfg = Release|x86
		{393B2123-0437-458A-A12F-815A0EA9FE77}.AppStore|iPhone.Build.0 = Release|x86
		{393B2123-0437-458A-A12F-815A0EA9FE77}.AppStore|iPhone.Deploy.0 = Release|x86
		{393B2123-0437-458A-A12F-815A0EA9FE77}.AppStore|iPhoneSimulator.ActiveCfg = Release|x86
		{393B2123-0437-458A-A12F-815A0EA9FE77}.AppStore|iPhoneSimulator.Build.0 = Release|x86
		{393B2123-0437-458A-A12F-815A0EA9FE77}.AppStore|iPhoneSimulator.Deploy.0 = Release|x86
		{393B2123-0437-458A-A12F-815A0EA9FE77}.AppStore|x64.ActiveCfg = Release|x64
		{393B2123-0437-458A-A12F-815A0EA9FE77}.AppStore|x64.Build.0 = Release|x64
		{393B2123-0437-458A-A12F-815A0EA9FE77}.AppStore|x64.Deploy.0 = Release|x64
		{393B2123-0437-458A-A12F-815A0EA9FE77}.AppStore|x86.ActiveCfg = Release|x86
		{393B2123-0437-458A-A12F-815A0EA9FE77}.AppStore|x86.Build.0 = Release|x86
		{393B2123-0437-458A-A12F-815A0EA9FE77}.AppStore|x86.Deploy.0 = Release|x86
		{393B2123-0437-458A-A12F-815A0EA9FE77}.Debug|Any CPU.ActiveCfg = Debug|x86
		{393B2123-0437-458A-A12F-815A0EA9FE77}.Debug|ARM.ActiveCfg = Debug|ARM
		{393B2123-0437-458A-A12F-815A0EA9FE77}.Debug|ARM.Build.0 = Debug|ARM
		{393B2123-0437-458A-A12F-815A0EA9FE77}.Debug|ARM.Deploy.0 = Debug|ARM
		{393B2123-0437-458A-A12F-815A0EA9FE77}.Debug|iPhone.ActiveCfg = Debug|x86
		{393B2123-0437-458A-A12F-815A0EA9FE77}.Debug|iPhoneSimulator.ActiveCfg = Debug|x86
		{393B2123-0437-458A-A12F-815A0EA9FE77}.Debug|x64.ActiveCfg = Debug|x64
		{393B2123-0437-458A-A12F-815A0EA9FE77}.Debug|x64.Build.0 = Debug|x64
		{393B2123-0437-458A-A12F-815A0EA9FE77}.Debug|x64.Deploy.0 = Debug|x64
		{393B2123-0437-458A-A12F-815A0EA9FE77}.Debug|x86.ActiveCfg = Debug|x86
		{393B2123-0437-458A-A12F-815A0EA9FE77}.Debug|x86.Build.0 = Debug|x86
		{393B2123-0437-458A-A12F-815A0EA9FE77}.Debug|x86.Deploy.0 = Debug|x86
		{393B2123-0437-458A-A12F-815A0EA9FE77}.Release|Any CPU.ActiveCfg = Release|x86
		{393B2123-0437-458A-A12F-815A0EA9FE77}.Release|ARM.ActiveCfg = Release|ARM
		{393B2123-0437-458A-A12F-815A0EA9FE77}.Release|ARM.Build.0 = Release|ARM
		{393B2123-0437-458A-A12F-815A0EA9FE77}.Release|ARM.Deploy.0 = Release|ARM
		{393B2123-0437-458A-A12F-815A0EA9FE77}.Release|iPhone.ActiveCfg = Release|x86
		{393B2123-0437-458A-A12F-815A0EA9FE77}.Release|iPhoneSimulator.ActiveCfg = Release|x86
		{393B2123-0437-458A-A12F-815A0EA9FE77}.Release|x64.ActiveCfg = Release|x64
		{393B2123-0437-458A-A12F-815A0EA9FE77}.Release|x64.Build.0 = Release|x64
		{393B2123-0437-458A-A12F-815A0EA9FE77}.Release|x64.Deploy.0 = Release|x64
		{393B2123-0437-458A-A12F-815A0EA9FE77}.Release|x86.ActiveCfg = Release|x86
		{393B2123-0437-458A-A12F-815A0EA9FE77}.Release|x86.Build.0 = Release|x86
		{393B2123-0437-458A-A12F-815A0EA9FE77}.Release|x86.Deploy.0 = Release|x86
		{D0860CAF-CE1C-4CB6-A1C4-2D8210839579}.Ad-Hoc|Any CPU.ActiveCfg = Debug|Any CPU
		{D0860CAF-CE1C-4CB6-A1C4-2D8210839579}.Ad-Hoc|Any CPU.Build.0 = Debug|Any CPU
		{D0860CAF-CE1C-4CB6-A1C4-2D8210839579}.Ad-Hoc|ARM.ActiveCfg = Debug|Any CPU
		{D0860CAF-CE1C-4CB6-A1C4-2D8210839579}.Ad-Hoc|ARM.Build.0 = Debug|Any CPU
		{D0860CAF-CE1C-4CB6-A1C4-2D8210839579}.Ad-Hoc|iPhone.ActiveCfg = Debug|Any CPU
		{D0860CAF-CE1C-4CB6-A1C4-2D8210839579}.Ad-Hoc|iPhone.Build.0 = Debug|Any CPU
		{D0860CAF-CE1C-4CB6-A1C4-2D8210839579}.Ad-Hoc|iPhoneSimulator.ActiveCfg = Debug|Any CPU
		{D0860CAF-CE1C-4CB6-A1C4-2D8210839579}.Ad-Hoc|iPhoneSimulator.Build.0 = Debug|Any CPU
		{D0860CAF-CE1C-4CB6-A1C4-2D8210839579}.Ad-Hoc|x64.ActiveCfg = Debug|Any CPU
		{D0860CAF-CE1C-4CB6-A1C4-2D8210839579}.Ad-Hoc|x64.Build.0 = Debug|Any CPU
		{D0860CAF-CE1C-4CB6-A1C4-2D8210839579}.Ad-Hoc|x86.ActiveCfg = Debug|Any CPU
		{D0860CAF-CE1C-4CB6-A1C4-2D8210839579}.Ad-Hoc|x86.Build.0 = Debug|Any CPU
		{D0860CAF-CE1C-4CB6-A1C4-2D8210839579}.AppStore|Any CPU.ActiveCfg = Debug|Any CPU
		{D0860CAF-CE1C-4CB6-A1C4-2D8210839579}.AppStore|Any CPU.Build.0 = Debug|Any CPU
		{D0860CAF-CE1C-4CB6-A1C4-2D8210839579}.AppStore|ARM.ActiveCfg = Debug|Any CPU
		{D0860CAF-CE1C-4CB6-A1C4-2D8210839579}.AppStore|ARM.Build.0 = Debug|Any CPU
		{D0860CAF-CE1C-4CB6-A1C4-2D8210839579}.AppStore|iPhone.ActiveCfg = Debug|Any CPU
		{D0860CAF-CE1C-4CB6-A1C4-2D8210839579}.AppStore|iPhone.Build.0 = Debug|Any CPU
		{D0860CAF-CE1C-4CB6-A1C4-2D8210839579}.AppStore|iPhoneSimulator.ActiveCfg = Debug|Any CPU
		{D0860CAF-CE1C-4CB6-A1C4-2D8210839579}.AppStore|iPhoneSimulator.Build.0 = Debug|Any CPU
		{D0860CAF-CE1C-4CB6-A1C4-2D8210839579}.AppStore|x64.ActiveCfg = Debug|Any CPU
		{D0860CAF-CE1C-4CB6-A1C4-2D8210839579}.AppStore|x64.Build.0 = Debug|Any CPU
		{D0860CAF-CE1C-4CB6-A1C4-2D8210839579}.AppStore|x86.ActiveCfg = Debug|Any CPU
		{D0860CAF-CE1C-4CB6-A1C4-2D8210839579}.AppStore|x86.Build.0 = Debug|Any CPU
		{D0860CAF-CE1C-4CB6-A1C4-2D8210839579}.Debug|Any CPU.ActiveCfg = Debug|Any CPU
		{D0860CAF-CE1C-4CB6-A1C4-2D8210839579}.Debug|Any CPU.Build.0 = Debug|Any CPU
		{D0860CAF-CE1C-4CB6-A1C4-2D8210839579}.Debug|ARM.ActiveCfg = Debug|Any CPU
		{D0860CAF-CE1C-4CB6-A1C4-2D8210839579}.Debug|ARM.Build.0 = Debug|Any CPU
		{D0860CAF-CE1C-4CB6-A1C4-2D8210839579}.Debug|iPhone.ActiveCfg = Debug|Any CPU
		{D0860CAF-CE1C-4CB6-A1C4-2D8210839579}.Debug|iPhone.Build.0 = Debug|Any CPU
		{D0860CAF-CE1C-4CB6-A1C4-2D8210839579}.Debug|iPhoneSimulator.ActiveCfg = Debug|Any CPU
		{D0860CAF-CE1C-4CB6-A1C4-2D8210839579}.Debug|iPhoneSimulator.Build.0 = Debug|Any CPU
		{D0860CAF-CE1C-4CB6-A1C4-2D8210839579}.Debug|x64.ActiveCfg = Debug|Any CPU
		{D0860CAF-CE1C-4CB6-A1C4-2D8210839579}.Debug|x64.Build.0 = Debug|Any CPU
		{D0860CAF-CE1C-4CB6-A1C4-2D8210839579}.Debug|x86.ActiveCfg = Debug|Any CPU
		{D0860CAF-CE1C-4CB6-A1C4-2D8210839579}.Debug|x86.Build.0 = Debug|Any CPU
		{D0860CAF-CE1C-4CB6-A1C4-2D8210839579}.Release|Any CPU.ActiveCfg = Release|Any CPU
		{D0860CAF-CE1C-4CB6-A1C4-2D8210839579}.Release|Any CPU.Build.0 = Release|Any CPU
		{D0860CAF-CE1C-4CB6-A1C4-2D8210839579}.Release|ARM.ActiveCfg = Release|Any CPU
		{D0860CAF-CE1C-4CB6-A1C4-2D8210839579}.Release|ARM.Build.0 = Release|Any CPU
		{D0860CAF-CE1C-4CB6-A1C4-2D8210839579}.Release|iPhone.ActiveCfg = Release|Any CPU
		{D0860CAF-CE1C-4CB6-A1C4-2D8210839579}.Release|iPhone.Build.0 = Release|Any CPU
		{D0860CAF-CE1C-4CB6-A1C4-2D8210839579}.Release|iPhoneSimulator.ActiveCfg = Release|Any CPU
		{D0860CAF-CE1C-4CB6-A1C4-2D8210839579}.Release|iPhoneSimulator.Build.0 = Release|Any CPU
		{D0860CAF-CE1C-4CB6-A1C4-2D8210839579}.Release|x64.ActiveCfg = Release|Any CPU
		{D0860CAF-CE1C-4CB6-A1C4-2D8210839579}.Release|x64.Build.0 = Release|Any CPU
		{D0860CAF-CE1C-4CB6-A1C4-2D8210839579}.Release|x86.ActiveCfg = Release|Any CPU
		{D0860CAF-CE1C-4CB6-A1C4-2D8210839579}.Release|x86.Build.0 = Release|Any CPU
	EndGlobalSection
	GlobalSection(SolutionProperties) = preSolution
		HideSolutionNode = FALSE
	EndGlobalSection
	GlobalSection(ExtensibilityGlobals) = postSolution
		SolutionGuid = {A5A89AF6-7CCC-4099-B052-AC768A678540}
	EndGlobalSection
EndGlobal
